{
  "name": "recorde_co2",
  "version": "1.0.0",
  "lockfileVersion": 2,
  "requires": true,
  "packages": {
    "": {
      "name": "recorde_co2",
      "version": "1.0.0",
      "license": "MIT",
      "dependencies": {
        "dotenv": "^10.0.0"
      },
      "devDependencies": {}
    },
    "node_modules/dotenv": {
      "version": "10.0.0",
      "license": "BSD-2-Clause",
      "engines": {
        "node": ">=10"
      }
    }
  },
  "dependencies": {
    "dotenv": {
      "version": "10.0.0"
    }
  }
}
